
Microsoft Visual Studio Solution File, Format Version 12.00
# Visual Studio Version 17
VisualStudioVersion = 17.4.33103.184
MinimumVisualStudioVersion = 10.0.40219.1
Project("{FAE04EC0-301F-11D3-BF4B-00C04F79EFBC}") = "APIEndpointsPOC", "APIEndpointsPOC\APIEndpointsPOC.csproj", "{0627BA39-6869-40DF-83D8-1BC98360D174}"
EndProject
Global
	GlobalSection(SolutionConfigurationPlatforms) = preSolution
		Debug|Any CPU = Debug|Any CPU
		Release|Any CPU = Release|Any CPU
	EndGlobalSection
	GlobalSection(ProjectConfigurationPlatforms) = postSolution
		{0627BA39-6869-40DF-83D8-1BC98360D174}.Debug|Any CPU.ActiveCfg = Debug|Any CPU
		{0627BA39-6869-40DF-83D8-1BC98360D174}.Debug|Any CPU.Build.0 = Debug|Any CPU
		{0627BA39-6869-40DF-83D8-1BC98360D174}.Release|Any CPU.ActiveCfg = Release|Any CPU
		{0627BA39-6869-40DF-83D8-1BC98360D174}.Release|Any CPU.Build.0 = Release|Any CPU
	EndGlobalSection
	GlobalSection(SolutionProperties) = preSolution
		HideSolutionNode = FALSE
	EndGlobalSection
	GlobalSection(ExtensibilityGlobals) = postSolution
		SolutionGuid = {2A88CA3B-BEB7-4966-8895-D7C060CD830E}
	EndGlobalSection
EndGlobal
